
Microsoft Visual Studio Solution File, Format Version 12.00
# Visual Studio 14
VisualStudioVersion = 14.0.25420.1
MinimumVisualStudioVersion = 10.0.40219.1
Project("{2150E333-8FDC-42A3-9474-1A3956D46DE8}") = "src", "src", "{B571A671-12F3-4A0F-94F2-7DD72FC3EEC0}"
EndProject
Project("{2150E333-8FDC-42A3-9474-1A3956D46DE8}") = "Solution Items", "Solution Items", "{793AEC23-B418-465E-B123-62A766D5BD63}"
	ProjectSection(SolutionItems) = preProject
		global.json = global.json
	EndProjectSection
EndProject
Project("{8BB2217D-0F2D-49D1-97BC-3654ED321F3B}") = "musicians-practice-log-api", "src\musicians-practice-log-api\musicians-practice-log-api.xproj", "{DE6DC5FA-D575-4890-806A-FB697FC7EFF3}"
EndProject
Global
	GlobalSection(SolutionConfigurationPlatforms) = preSolution
		Debug|Any CPU = Debug|Any CPU
		Release|Any CPU = Release|Any CPU
	EndGlobalSection
	GlobalSection(ProjectConfigurationPlatforms) = postSolution
		{DE6DC5FA-D575-4890-806A-FB697FC7EFF3}.Debug|Any CPU.ActiveCfg = Debug|Any CPU
		{DE6DC5FA-D575-4890-806A-FB697FC7EFF3}.Debug|Any CPU.Build.0 = Debug|Any CPU
		{DE6DC5FA-D575-4890-806A-FB697FC7EFF3}.Release|Any CPU.ActiveCfg = Release|Any CPU
		{DE6DC5FA-D575-4890-806A-FB697FC7EFF3}.Release|Any CPU.Build.0 = Release|Any CPU
	EndGlobalSection
	GlobalSection(SolutionProperties) = preSolution
		HideSolutionNode = FALSE
	EndGlobalSection
	GlobalSection(NestedProjects) = preSolution
		{DE6DC5FA-D575-4890-806A-FB697FC7EFF3} = {B571A671-12F3-4A0F-94F2-7DD72FC3EEC0}
	EndGlobalSection
EndGlobal
